{
  "version": 4,
  "terraform_version": "1.9.0",
  "serial": 543,
  "lineage": "646f5b19-ccae-f8eb-2a29-0efb150afd7e",
  "outputs": {
    "api_gateway_invoke_url": {
      "value": "https://cbcotyey7i.execute-api.us-east-1.amazonaws.com/dev/todo",
      "type": "string"
    },
    "lambda_function_arn": {
      "value": "arn:aws:lambda:us-east-1:975050375022:function:todo_lambda_function",
      "type": "string"
    },
    "s3_bucket_name": {
      "value": "s3-bucket-created-by-terraform1",
      "type": "string"
    }
  },
  "resources": [
    {
      "mode": "managed",
      "type": "null_resource",
      "name": "lambda_dependencies",
      "provider": "provider[\"registry.terraform.io/hashicorp/null\"]",
      "instances": [
        {
          "schema_version": 0,
          "attributes": {
            "id": "6760439103869421104",
            "triggers": {
              "always_run": "2024-07-03T11:35:53Z"
            }
          },
          "sensitive_attributes": []
        }
      ]
    },
    {
      "mode": "managed",
      "type": "null_resource",
      "name": "prepare_lambda_package",
      "provider": "provider[\"registry.terraform.io/hashicorp/null\"]",
      "instances": [
        {
          "schema_version": 0,
          "attributes": {
            "id": "9103524209551189552",
            "triggers": {
              "always_run": "2024-07-03T11:35:53Z"
            }
          },
          "sensitive_attributes": [],
          "dependencies": [
            "null_resource.lambda_dependencies"
          ]
        }
      ]
    },
    {
      "module": "module.api_gateway",
      "mode": "managed",
      "type": "aws_api_gateway_deployment",
      "name": "lambda_deployment",
      "provider": "provider[\"registry.terraform.io/hashicorp/aws\"]",
      "instances": [
        {
          "schema_version": 0,
          "attributes": {
            "canary_settings": [],
            "created_date": "2024-07-03T11:36:12Z",
            "description": "",
            "execution_arn": "arn:aws:execute-api:us-east-1:975050375022:cbcotyey7i/dev",
            "id": "tqvkux",
            "invoke_url": "https://cbcotyey7i.execute-api.us-east-1.amazonaws.com/dev",
            "rest_api_id": "cbcotyey7i",
            "stage_description": null,
            "stage_name": "dev",
            "triggers": null,
            "variables": null
          },
          "sensitive_attributes": [],
          "private": "bnVsbA==",
          "dependencies": [
            "module.api_gateway.aws_api_gateway_integration.lambda_integration_delete",
            "module.api_gateway.aws_api_gateway_integration.lambda_integration_get",
            "module.api_gateway.aws_api_gateway_integration.lambda_integration_patch",
            "module.api_gateway.aws_api_gateway_integration.lambda_integration_post",
            "module.api_gateway.aws_api_gateway_method.lambda_method_delete",
            "module.api_gateway.aws_api_gateway_method.lambda_method_get",
            "module.api_gateway.aws_api_gateway_method.lambda_method_patch",
            "module.api_gateway.aws_api_gateway_method.lambda_method_post",
            "module.api_gateway.aws_api_gateway_resource.lambda_resource",
            "module.api_gateway.aws_api_gateway_resource.lambda_resource_id",
            "module.api_gateway.aws_api_gateway_rest_api.lambda_api",
            "module.iam.aws_iam_role.lambda_exec_role",
            "module.lambda.aws_lambda_function.todo_lambda",
            "module.lambda.data.archive_file.lambda_zip"
          ]
        }
      ]
    },
    {
      "module": "module.api_gateway",
      "mode": "managed",
      "type": "aws_api_gateway_integration",
      "name": "lambda_integration_delete",
      "provider": "provider[\"registry.terraform.io/hashicorp/aws\"]",
      "instances": [
        {
          "schema_version": 0,
          "attributes": {
            "cache_key_parameters": null,
            "cache_namespace": "ykr1uf",
            "connection_id": "",
            "connection_type": "INTERNET",
            "content_handling": "",
            "credentials": "",
            "http_method": "DELETE",
            "id": "agi-cbcotyey7i-ykr1uf-DELETE",
            "integration_http_method": "POST",
            "passthrough_behavior": "WHEN_NO_MATCH",
            "request_parameters": null,
            "request_templates": null,
            "resource_id": "ykr1uf",
            "rest_api_id": "cbcotyey7i",
            "timeout_milliseconds": 29000,
            "tls_config": [],
            "type": "AWS_PROXY",
            "uri": "arn:aws:apigateway:us-east-1:lambda:path/2015-03-31/functions/arn:aws:lambda:us-east-1:975050375022:function:todo_lambda_function/invocations"
          },
          "sensitive_attributes": [],
          "private": "bnVsbA==",
          "dependencies": [
            "module.api_gateway.aws_api_gateway_method.lambda_method_delete",
            "module.api_gateway.aws_api_gateway_resource.lambda_resource",
            "module.api_gateway.aws_api_gateway_resource.lambda_resource_id",
            "module.api_gateway.aws_api_gateway_rest_api.lambda_api",
            "module.iam.aws_iam_role.lambda_exec_role",
            "module.lambda.aws_lambda_function.todo_lambda",
            "module.lambda.data.archive_file.lambda_zip"
          ]
        }
      ]
    },
    {
      "module": "module.api_gateway",
      "mode": "managed",
      "type": "aws_api_gateway_integration",
      "name": "lambda_integration_get",
      "provider": "provider[\"registry.terraform.io/hashicorp/aws\"]",
      "instances": [
        {
          "schema_version": 0,
          "attributes": {
            "cache_key_parameters": null,
            "cache_namespace": "g6kvom",
            "connection_id": "",
            "connection_type": "INTERNET",
            "content_handling": "",
            "credentials": "",
            "http_method": "GET",
            "id": "agi-cbcotyey7i-g6kvom-GET",
            "integration_http_method": "POST",
            "passthrough_behavior": "WHEN_NO_MATCH",
            "request_parameters": null,
            "request_templates": null,
            "resource_id": "g6kvom",
            "rest_api_id": "cbcotyey7i",
            "timeout_milliseconds": 29000,
            "tls_config": [],
            "type": "AWS_PROXY",
            "uri": "arn:aws:apigateway:us-east-1:lambda:path/2015-03-31/functions/arn:aws:lambda:us-east-1:975050375022:function:todo_lambda_function/invocations"
          },
          "sensitive_attributes": [],
          "private": "bnVsbA==",
          "dependencies": [
            "module.api_gateway.aws_api_gateway_method.lambda_method_get",
            "module.api_gateway.aws_api_gateway_resource.lambda_resource",
            "module.api_gateway.aws_api_gateway_rest_api.lambda_api",
            "module.iam.aws_iam_role.lambda_exec_role",
            "module.lambda.aws_lambda_function.todo_lambda",
            "module.lambda.data.archive_file.lambda_zip"
          ]
        }
      ]
    },
    {
      "module": "module.api_gateway",
      "mode": "managed",
      "type": "aws_api_gateway_integration",
      "name": "lambda_integration_patch",
      "provider": "provider[\"registry.terraform.io/hashicorp/aws\"]",
      "instances": [
        {
          "schema_version": 0,
          "attributes": {
            "cache_key_parameters": null,
            "cache_namespace": "ykr1uf",
            "connection_id": "",
            "connection_type": "INTERNET",
            "content_handling": "",
            "credentials": "",
            "http_method": "PATCH",
            "id": "agi-cbcotyey7i-ykr1uf-PATCH",
            "integration_http_method": "POST",
            "passthrough_behavior": "WHEN_NO_MATCH",
            "request_parameters": null,
            "request_templates": null,
            "resource_id": "ykr1uf",
            "rest_api_id": "cbcotyey7i",
            "timeout_milliseconds": 29000,
            "tls_config": [],
            "type": "AWS_PROXY",
            "uri": "arn:aws:apigateway:us-east-1:lambda:path/2015-03-31/functions/arn:aws:lambda:us-east-1:975050375022:function:todo_lambda_function/invocations"
          },
          "sensitive_attributes": [],
          "private": "bnVsbA==",
          "dependencies": [
            "module.api_gateway.aws_api_gateway_method.lambda_method_patch",
            "module.api_gateway.aws_api_gateway_resource.lambda_resource",
            "module.api_gateway.aws_api_gateway_resource.lambda_resource_id",
            "module.api_gateway.aws_api_gateway_rest_api.lambda_api",
            "module.iam.aws_iam_role.lambda_exec_role",
            "module.lambda.aws_lambda_function.todo_lambda",
            "module.lambda.data.archive_file.lambda_zip"
          ]
        }
      ]
    },
    {
      "module": "module.api_gateway",
      "mode": "managed",
      "type": "aws_api_gateway_integration",
      "name": "lambda_integration_post",
      "provider": "provider[\"registry.terraform.io/hashicorp/aws\"]",
      "instances": [
        {
          "schema_version": 0,
          "attributes": {
            "cache_key_parameters": null,
            "cache_namespace": "g6kvom",
            "connection_id": "",
            "connection_type": "INTERNET",
            "content_handling": "",
            "credentials": "",
            "http_method": "POST",
            "id": "agi-cbcotyey7i-g6kvom-POST",
            "integration_http_method": "POST",
            "passthrough_behavior": "WHEN_NO_MATCH",
            "request_parameters": null,
            "request_templates": null,
            "resource_id": "g6kvom",
            "rest_api_id": "cbcotyey7i",
            "timeout_milliseconds": 29000,
            "tls_config": [],
            "type": "AWS_PROXY",
            "uri": "arn:aws:apigateway:us-east-1:lambda:path/2015-03-31/functions/arn:aws:lambda:us-east-1:975050375022:function:todo_lambda_function/invocations"
          },
          "sensitive_attributes": [],
          "private": "bnVsbA==",
          "dependencies": [
            "module.api_gateway.aws_api_gateway_method.lambda_method_post",
            "module.api_gateway.aws_api_gateway_resource.lambda_resource",
            "module.api_gateway.aws_api_gateway_rest_api.lambda_api",
            "module.iam.aws_iam_role.lambda_exec_role",
            "module.lambda.aws_lambda_function.todo_lambda",
            "module.lambda.data.archive_file.lambda_zip"
          ]
        }
      ]
    },
    {
      "module": "module.api_gateway",
      "mode": "managed",
      "type": "aws_api_gateway_method",
      "name": "lambda_method_delete",
      "provider": "provider[\"registry.terraform.io/hashicorp/aws\"]",
      "instances": [
        {
          "schema_version": 0,
          "attributes": {
            "api_key_required": false,
            "authorization": "NONE",
            "authorization_scopes": [],
            "authorizer_id": "",
            "http_method": "DELETE",
            "id": "agm-cbcotyey7i-ykr1uf-DELETE",
            "operation_name": "",
            "request_models": {},
            "request_parameters": {
              "method.request.path.id": true
            },
            "request_validator_id": "",
            "resource_id": "ykr1uf",
            "rest_api_id": "cbcotyey7i"
          },
          "sensitive_attributes": [],
          "private": "bnVsbA==",
          "dependencies": [
            "module.api_gateway.aws_api_gateway_resource.lambda_resource",
            "module.api_gateway.aws_api_gateway_resource.lambda_resource_id",
            "module.api_gateway.aws_api_gateway_rest_api.lambda_api"
          ]
        }
      ]
    },
    {
      "module": "module.api_gateway",
      "mode": "managed",
      "type": "aws_api_gateway_method",
      "name": "lambda_method_get",
      "provider": "provider[\"registry.terraform.io/hashicorp/aws\"]",
      "instances": [
        {
          "schema_version": 0,
          "attributes": {
            "api_key_required": false,
            "authorization": "NONE",
            "authorization_scopes": [],
            "authorizer_id": "",
            "http_method": "GET",
            "id": "agm-cbcotyey7i-g6kvom-GET",
            "operation_name": "",
            "request_models": {},
            "request_parameters": {},
            "request_validator_id": "",
            "resource_id": "g6kvom",
            "rest_api_id": "cbcotyey7i"
          },
          "sensitive_attributes": [],
          "private": "bnVsbA==",
          "dependencies": [
            "module.api_gateway.aws_api_gateway_resource.lambda_resource",
            "module.api_gateway.aws_api_gateway_rest_api.lambda_api"
          ]
        }
      ]
    },
    {
      "module": "module.api_gateway",
      "mode": "managed",
      "type": "aws_api_gateway_method",
      "name": "lambda_method_patch",
      "provider": "provider[\"registry.terraform.io/hashicorp/aws\"]",
      "instances": [
        {
          "schema_version": 0,
          "attributes": {
            "api_key_required": false,
            "authorization": "NONE",
            "authorization_scopes": [],
            "authorizer_id": "",
            "http_method": "PATCH",
            "id": "agm-cbcotyey7i-ykr1uf-PATCH",
            "operation_name": "",
            "request_models": {},
            "request_parameters": {
              "method.request.path.id": true
            },
            "request_validator_id": "",
            "resource_id": "ykr1uf",
            "rest_api_id": "cbcotyey7i"
          },
          "sensitive_attributes": [],
          "private": "bnVsbA==",
          "dependencies": [
            "module.api_gateway.aws_api_gateway_resource.lambda_resource",
            "module.api_gateway.aws_api_gateway_resource.lambda_resource_id",
            "module.api_gateway.aws_api_gateway_rest_api.lambda_api"
          ]
        }
      ]
    },
    {
      "module": "module.api_gateway",
      "mode": "managed",
      "type": "aws_api_gateway_method",
      "name": "lambda_method_post",
      "provider": "provider[\"registry.terraform.io/hashicorp/aws\"]",
      "instances": [
        {
          "schema_version": 0,
          "attributes": {
            "api_key_required": false,
            "authorization": "NONE",
            "authorization_scopes": [],
            "authorizer_id": "",
            "http_method": "POST",
            "id": "agm-cbcotyey7i-g6kvom-POST",
            "operation_name": "",
            "request_models": {},
            "request_parameters": {},
            "request_validator_id": "",
            "resource_id": "g6kvom",
            "rest_api_id": "cbcotyey7i"
          },
          "sensitive_attributes": [],
          "private": "bnVsbA==",
          "dependencies": [
            "module.api_gateway.aws_api_gateway_resource.lambda_resource",
            "module.api_gateway.aws_api_gateway_rest_api.lambda_api"
          ]
        }
      ]
    },
    {
      "module": "module.api_gateway",
      "mode": "managed",
      "type": "aws_api_gateway_resource",
      "name": "lambda_resource",
      "provider": "provider[\"registry.terraform.io/hashicorp/aws\"]",
      "instances": [
        {
          "schema_version": 0,
          "attributes": {
            "id": "g6kvom",
            "parent_id": "4fnyj6gg79",
            "path": "/todo",
            "path_part": "todo",
            "rest_api_id": "cbcotyey7i"
          },
          "sensitive_attributes": [],
          "private": "bnVsbA==",
          "dependencies": [
            "module.api_gateway.aws_api_gateway_rest_api.lambda_api"
          ]
        }
      ]
    },
    {
      "module": "module.api_gateway",
      "mode": "managed",
      "type": "aws_api_gateway_resource",
      "name": "lambda_resource_id",
      "provider": "provider[\"registry.terraform.io/hashicorp/aws\"]",
      "instances": [
        {
          "schema_version": 0,
          "attributes": {
            "id": "ykr1uf",
            "parent_id": "g6kvom",
            "path": "/todo/{id}",
            "path_part": "{id}",
            "rest_api_id": "cbcotyey7i"
          },
          "sensitive_attributes": [],
          "private": "bnVsbA==",
          "dependencies": [
            "module.api_gateway.aws_api_gateway_resource.lambda_resource",
            "module.api_gateway.aws_api_gateway_rest_api.lambda_api"
          ]
        }
      ]
    },
    {
      "module": "module.api_gateway",
      "mode": "managed",
      "type": "aws_api_gateway_rest_api",
      "name": "lambda_api",
      "provider": "provider[\"registry.terraform.io/hashicorp/aws\"]",
      "instances": [
        {
          "schema_version": 0,
          "attributes": {
            "api_key_source": "HEADER",
            "arn": "arn:aws:apigateway:us-east-1::/restapis/cbcotyey7i",
            "binary_media_types": [],
            "body": null,
            "created_date": "2024-07-03T11:33:27Z",
            "description": "API Gateway for Lambda function",
            "disable_execute_api_endpoint": false,
            "endpoint_configuration": [
              {
                "types": [
                  "EDGE"
                ],
                "vpc_endpoint_ids": []
              }
            ],
            "execution_arn": "arn:aws:execute-api:us-east-1:975050375022:cbcotyey7i",
            "fail_on_warnings": null,
            "id": "cbcotyey7i",
            "minimum_compression_size": "",
            "name": "LambdaAPI",
            "parameters": null,
            "policy": "",
            "put_rest_api_mode": null,
            "root_resource_id": "4fnyj6gg79",
            "tags": {},
            "tags_all": {}
          },
          "sensitive_attributes": [],
          "private": "bnVsbA=="
        }
      ]
    },
    {
      "module": "module.api_gateway",
      "mode": "managed",
      "type": "aws_lambda_permission",
      "name": "api_gateway_invoke_delete",
      "provider": "provider[\"registry.terraform.io/hashicorp/aws\"]",
      "instances": [
        {
          "schema_version": 0,
          "attributes": {
            "action": "lambda:InvokeFunction",
            "event_source_token": null,
            "function_name": "todo_lambda_function",
            "function_url_auth_type": null,
            "id": "AllowAPIGatewayInvokeDELETE",
            "principal": "apigateway.amazonaws.com",
            "principal_org_id": null,
            "qualifier": "",
            "source_account": null,
            "source_arn": "arn:aws:execute-api:us-east-1:975050375022:cbcotyey7i/*/DELETE/todo/{id}",
            "statement_id": "AllowAPIGatewayInvokeDELETE",
            "statement_id_prefix": ""
          },
          "sensitive_attributes": [],
          "private": "bnVsbA==",
          "dependencies": [
            "module.api_gateway.aws_api_gateway_method.lambda_method_delete",
            "module.api_gateway.aws_api_gateway_resource.lambda_resource",
            "module.api_gateway.aws_api_gateway_resource.lambda_resource_id",
            "module.api_gateway.aws_api_gateway_rest_api.lambda_api",
            "module.iam.aws_iam_role.lambda_exec_role",
            "module.lambda.aws_lambda_function.todo_lambda",
            "module.lambda.data.archive_file.lambda_zip"
          ]
        }
      ]
    },
    {
      "module": "module.api_gateway",
      "mode": "managed",
      "type": "aws_lambda_permission",
      "name": "api_gateway_invoke_get",
      "provider": "provider[\"registry.terraform.io/hashicorp/aws\"]",
      "instances": [
        {
          "schema_version": 0,
          "attributes": {
            "action": "lambda:InvokeFunction",
            "event_source_token": null,
            "function_name": "todo_lambda_function",
            "function_url_auth_type": null,
            "id": "AllowAPIGatewayInvokeGET",
            "principal": "apigateway.amazonaws.com",
            "principal_org_id": null,
            "qualifier": "",
            "source_account": null,
            "source_arn": "arn:aws:execute-api:us-east-1:975050375022:cbcotyey7i/*/GET/todo",
            "statement_id": "AllowAPIGatewayInvokeGET",
            "statement_id_prefix": ""
          },
          "sensitive_attributes": [],
          "private": "bnVsbA==",
          "dependencies": [
            "module.api_gateway.aws_api_gateway_method.lambda_method_get",
            "module.api_gateway.aws_api_gateway_resource.lambda_resource",
            "module.api_gateway.aws_api_gateway_rest_api.lambda_api",
            "module.iam.aws_iam_role.lambda_exec_role",
            "module.lambda.aws_lambda_function.todo_lambda",
            "module.lambda.data.archive_file.lambda_zip"
          ]
        }
      ]
    },
    {
      "module": "module.api_gateway",
      "mode": "managed",
      "type": "aws_lambda_permission",
      "name": "api_gateway_invoke_patch",
      "provider": "provider[\"registry.terraform.io/hashicorp/aws\"]",
      "instances": [
        {
          "schema_version": 0,
          "attributes": {
            "action": "lambda:InvokeFunction",
            "event_source_token": null,
            "function_name": "todo_lambda_function",
            "function_url_auth_type": null,
            "id": "AllowAPIGatewayInvokePATCH",
            "principal": "apigateway.amazonaws.com",
            "principal_org_id": null,
            "qualifier": "",
            "source_account": null,
            "source_arn": "arn:aws:execute-api:us-east-1:975050375022:cbcotyey7i/*/PATCH/todo/{id}",
            "statement_id": "AllowAPIGatewayInvokePATCH",
            "statement_id_prefix": ""
          },
          "sensitive_attributes": [],
          "private": "bnVsbA==",
          "dependencies": [
            "module.api_gateway.aws_api_gateway_method.lambda_method_patch",
            "module.api_gateway.aws_api_gateway_resource.lambda_resource",
            "module.api_gateway.aws_api_gateway_resource.lambda_resource_id",
            "module.api_gateway.aws_api_gateway_rest_api.lambda_api",
            "module.iam.aws_iam_role.lambda_exec_role",
            "module.lambda.aws_lambda_function.todo_lambda",
            "module.lambda.data.archive_file.lambda_zip"
          ]
        }
      ]
    },
    {
      "module": "module.api_gateway",
      "mode": "managed",
      "type": "aws_lambda_permission",
      "name": "api_gateway_invoke_post",
      "provider": "provider[\"registry.terraform.io/hashicorp/aws\"]",
      "instances": [
        {
          "schema_version": 0,
          "attributes": {
            "action": "lambda:InvokeFunction",
            "event_source_token": null,
            "function_name": "todo_lambda_function",
            "function_url_auth_type": null,
            "id": "AllowAPIGatewayInvokePOST",
            "principal": "apigateway.amazonaws.com",
            "principal_org_id": null,
            "qualifier": "",
            "source_account": null,
            "source_arn": "arn:aws:execute-api:us-east-1:975050375022:cbcotyey7i/*/POST/todo",
            "statement_id": "AllowAPIGatewayInvokePOST",
            "statement_id_prefix": ""
          },
          "sensitive_attributes": [],
          "private": "bnVsbA==",
          "dependencies": [
            "module.api_gateway.aws_api_gateway_method.lambda_method_post",
            "module.api_gateway.aws_api_gateway_resource.lambda_resource",
            "module.api_gateway.aws_api_gateway_rest_api.lambda_api",
            "module.iam.aws_iam_role.lambda_exec_role",
            "module.lambda.aws_lambda_function.todo_lambda",
            "module.lambda.data.archive_file.lambda_zip"
          ]
        }
      ]
    },
    {
      "module": "module.iam",
      "mode": "managed",
      "type": "aws_iam_policy",
      "name": "s3_rw_policy",
      "provider": "provider[\"registry.terraform.io/hashicorp/aws\"]",
      "instances": [
        {
          "schema_version": 0,
          "attributes": {
            "arn": "arn:aws:iam::975050375022:policy/LambdaS3ReadWritePolicy",
            "attachment_count": 1,
            "description": "Policy for Lambda to read from and write to S3 bucket",
            "id": "arn:aws:iam::975050375022:policy/LambdaS3ReadWritePolicy",
            "name": "LambdaS3ReadWritePolicy",
            "name_prefix": "",
            "path": "/",
            "policy": "{\"Statement\":[{\"Action\":[\"s3:GetObject\",\"s3:PutObject\",\"s3:DeleteObject\",\"s3:ListBucket\"],\"Effect\":\"Allow\",\"Resource\":[\"arn:aws:s3:::s3-bucket-created-by-terraform1\",\"arn:aws:s3:::s3-bucket-created-by-terraform1/*\"]}],\"Version\":\"2012-10-17\"}",
            "policy_id": "ANPA6GBMH75XCWO2M4XO3",
            "tags": {},
            "tags_all": {}
          },
          "sensitive_attributes": [],
          "private": "bnVsbA==",
          "dependencies": [
            "module.s3.aws_s3_bucket.my_public_bucket"
          ]
        }
      ]
    },
    {
      "module": "module.iam",
      "mode": "managed",
      "type": "aws_iam_role",
      "name": "lambda_exec_role",
      "provider": "provider[\"registry.terraform.io/hashicorp/aws\"]",
      "instances": [
        {
          "schema_version": 0,
          "attributes": {
            "arn": "arn:aws:iam::975050375022:role/lambda_exec_role",
            "assume_role_policy": "{\"Statement\":[{\"Action\":\"sts:AssumeRole\",\"Effect\":\"Allow\",\"Principal\":{\"Service\":\"lambda.amazonaws.com\"}}],\"Version\":\"2012-10-17\"}",
            "create_date": "2024-07-03T11:33:27Z",
            "description": "",
            "force_detach_policies": false,
            "id": "lambda_exec_role",
            "inline_policy": [],
            "managed_policy_arns": [
              "arn:aws:iam::975050375022:policy/LambdaS3ReadWritePolicy",
              "arn:aws:iam::aws:policy/service-role/AWSLambdaBasicExecutionRole"
            ],
            "max_session_duration": 3600,
            "name": "lambda_exec_role",
            "name_prefix": "",
            "path": "/",
            "permissions_boundary": "",
            "tags": {},
            "tags_all": {},
            "unique_id": "AROA6GBMH75XIA5CCA4OV"
          },
          "sensitive_attributes": [],
          "private": "bnVsbA=="
        }
      ]
    },
    {
      "module": "module.iam",
      "mode": "managed",
      "type": "aws_iam_role_policy_attachment",
      "name": "lambda_execution_policy",
      "provider": "provider[\"registry.terraform.io/hashicorp/aws\"]",
      "instances": [
        {
          "schema_version": 0,
          "attributes": {
            "id": "lambda_exec_role-20240703113327997000000002",
            "policy_arn": "arn:aws:iam::aws:policy/service-role/AWSLambdaBasicExecutionRole",
            "role": "lambda_exec_role"
          },
          "sensitive_attributes": [],
          "private": "bnVsbA==",
          "dependencies": [
            "module.iam.aws_iam_role.lambda_exec_role"
          ]
        }
      ]
    },
    {
      "module": "module.iam",
      "mode": "managed",
      "type": "aws_iam_role_policy_attachment",
      "name": "lambda_s3_rw_policy_attachment",
      "provider": "provider[\"registry.terraform.io/hashicorp/aws\"]",
      "instances": [
        {
          "schema_version": 0,
          "attributes": {
            "id": "lambda_exec_role-20240703113327937200000001",
            "policy_arn": "arn:aws:iam::975050375022:policy/LambdaS3ReadWritePolicy",
            "role": "lambda_exec_role"
          },
          "sensitive_attributes": [],
          "private": "bnVsbA==",
          "dependencies": [
            "module.iam.aws_iam_policy.s3_rw_policy",
            "module.iam.aws_iam_role.lambda_exec_role",
            "module.s3.aws_s3_bucket.my_public_bucket"
          ]
        }
      ]
    },
    {
      "module": "module.lambda",
      "mode": "data",
      "type": "archive_file",
      "name": "lambda_zip",
      "provider": "provider[\"registry.terraform.io/hashicorp/archive\"]",
      "instances": [
        {
          "schema_version": 0,
          "attributes": {
            "exclude_symlink_directories": null,
            "excludes": null,
            "id": "6cdf60facbeb5fc2c6fc15d68b83ce13a8d36d5a",
            "output_base64sha256": "3I32qUVr8XQWWuFd48fuyS6pQrw55aXrCQJSopLCVHI=",
            "output_base64sha512": "oFkCafDkDJ1HIWp5X+VnbUml2zDZSoSDBPnmPRqwVCyWsiqeHbVWIyQWIaYQ/DFhpJhbLKH00oYnqEMaslChmQ==",
            "output_file_mode": null,
            "output_md5": "5c7ed5463cb0c0afa825e11ecc1a7283",
            "output_path": "modules/lambda/../../../lambda.zip",
            "output_sha": "6cdf60facbeb5fc2c6fc15d68b83ce13a8d36d5a",
            "output_sha256": "dc8df6a9456bf174165ae15de3c7eec92ea942bc39e5a5eb090252a292c25472",
            "output_sha512": "a0590269f0e40c9d47216a795fe5676d49a5db30d94a848304f9e63d1ab0542c96b22a9e1db55623241621a610fc3161a4985b2ca1f4d28627a8431ab250a199",
            "output_size": 23118987,
            "source": [],
            "source_content": null,
            "source_content_filename": null,
            "source_dir": "modules/lambda/../../../package",
            "source_file": null,
            "type": "zip"
          },
          "sensitive_attributes": []
        }
      ]
    },
    {
      "module": "module.lambda",
      "mode": "managed",
      "type": "aws_lambda_function",
      "name": "todo_lambda",
      "provider": "provider[\"registry.terraform.io/hashicorp/aws\"]",
      "instances": [
        {
          "schema_version": 0,
          "attributes": {
            "architectures": [
              "x86_64"
            ],
            "arn": "arn:aws:lambda:us-east-1:975050375022:function:todo_lambda_function",
            "code_sha256": "3I32qUVr8XQWWuFd48fuyS6pQrw55aXrCQJSopLCVHI=",
            "code_signing_config_arn": "",
            "dead_letter_config": [],
            "description": "",
            "environment": [
              {
                "variables": {
                  "ENV_VAR_NAME": "value"
                }
              }
            ],
            "ephemeral_storage": [
              {
                "size": 512
              }
            ],
            "file_system_config": [],
            "filename": "modules/lambda/../../../lambda.zip",
            "function_name": "todo_lambda_function",
            "handler": "dist/controller/todocontroller.handler",
            "id": "todo_lambda_function",
            "image_config": [],
            "image_uri": "",
            "invoke_arn": "arn:aws:apigateway:us-east-1:lambda:path/2015-03-31/functions/arn:aws:lambda:us-east-1:975050375022:function:todo_lambda_function/invocations",
            "kms_key_arn": "",
            "last_modified": "2024-07-03T11:36:03.713+0000",
            "layers": null,
            "logging_config": [
              {
                "application_log_level": "",
                "log_format": "Text",
                "log_group": "/aws/lambda/todo_lambda_function",
                "system_log_level": ""
              }
            ],
            "memory_size": 128,
            "package_type": "Zip",
            "publish": false,
            "qualified_arn": "arn:aws:lambda:us-east-1:975050375022:function:todo_lambda_function:$LATEST",
            "qualified_invoke_arn": "arn:aws:apigateway:us-east-1:lambda:path/2015-03-31/functions/arn:aws:lambda:us-east-1:975050375022:function:todo_lambda_function:$LATEST/invocations",
            "replace_security_groups_on_destroy": null,
            "replacement_security_group_ids": null,
            "reserved_concurrent_executions": -1,
            "role": "arn:aws:iam::975050375022:role/lambda_exec_role",
            "runtime": "nodejs20.x",
            "s3_bucket": null,
            "s3_key": null,
            "s3_object_version": null,
            "signing_job_arn": "",
            "signing_profile_version_arn": "",
            "skip_destroy": false,
            "snap_start": [],
            "source_code_hash": "",
            "source_code_size": 23118987,
            "tags": null,
            "tags_all": {},
            "timeout": 30,
            "timeouts": null,
            "tracing_config": [
              {
                "mode": "PassThrough"
              }
            ],
            "version": "$LATEST",
            "vpc_config": []
          },
          "sensitive_attributes": [],
          "private": "eyJlMmJmYjczMC1lY2FhLTExZTYtOGY4OC0zNDM2M2JjN2M0YzAiOnsiY3JlYXRlIjo2MDAwMDAwMDAwMDAsImRlbGV0ZSI6NjAwMDAwMDAwMDAwLCJ1cGRhdGUiOjYwMDAwMDAwMDAwMH19",
          "dependencies": [
            "module.iam.aws_iam_role.lambda_exec_role",
            "module.lambda.data.archive_file.lambda_zip"
          ]
        }
      ]
    },
    {
      "module": "module.s3",
      "mode": "managed",
      "type": "aws_s3_bucket",
      "name": "my_public_bucket",
      "provider": "provider[\"registry.terraform.io/hashicorp/aws\"]",
      "instances": [
        {
          "schema_version": 0,
          "attributes": {
            "acceleration_status": "",
            "acl": null,
            "arn": "arn:aws:s3:::s3-bucket-created-by-terraform1",
            "bucket": "s3-bucket-created-by-terraform1",
            "bucket_domain_name": "s3-bucket-created-by-terraform1.s3.amazonaws.com",
            "bucket_prefix": "",
            "bucket_regional_domain_name": "s3-bucket-created-by-terraform1.s3.us-east-1.amazonaws.com",
            "cors_rule": [],
            "force_destroy": false,
            "grant": [
              {
                "id": "90207ab1f1bb3b20ddd8622dbde5a71bfc4d128e32209ef2a60de7436ddadc31",
                "permissions": [
                  "FULL_CONTROL"
                ],
                "type": "CanonicalUser",
                "uri": ""
              }
            ],
            "hosted_zone_id": "Z3AQBSTGFYJSTF",
            "id": "s3-bucket-created-by-terraform1",
            "lifecycle_rule": [],
            "logging": [],
            "object_lock_configuration": [],
            "object_lock_enabled": false,
            "policy": "",
            "region": "us-east-1",
            "replication_configuration": [],
            "request_payer": "BucketOwner",
            "server_side_encryption_configuration": [
              {
                "rule": [
                  {
                    "apply_server_side_encryption_by_default": [
                      {
                        "kms_master_key_id": "",
                        "sse_algorithm": "AES256"
                      }
                    ],
                    "bucket_key_enabled": false
                  }
                ]
              }
            ],
            "tags": {},
            "tags_all": {},
            "timeouts": null,
            "versioning": [
              {
                "enabled": false,
                "mfa_delete": false
              }
            ],
            "website": [],
            "website_domain": null,
            "website_endpoint": null
          },
          "sensitive_attributes": [],
          "private": "eyJlMmJmYjczMC1lY2FhLTExZTYtOGY4OC0zNDM2M2JjN2M0YzAiOnsiY3JlYXRlIjoxMjAwMDAwMDAwMDAwLCJkZWxldGUiOjM2MDAwMDAwMDAwMDAsInJlYWQiOjEyMDAwMDAwMDAwMDAsInVwZGF0ZSI6MTIwMDAwMDAwMDAwMH19"
        }
      ]
    }
  ],
  "check_results": null
}
